// !$*UTF8*$!
{
	archiveVersion = 1;
	classes = {
	};
	objectVersion = 77;
	objects = {

/* Begin PBXContainerItemProxy section */
		149A61F02D8304900070B3D1 /* PBXContainerItemProxy */ = {
			isa = PBXContainerItemProxy;
			containerPortal = 149A61D72D83048F0070B3D1 /* Project object */;
			proxyType = 1;
			remoteGlobalIDString = 149A61DE2D83048F0070B3D1;
			remoteInfo = SwiftUIChronicles;
		};
		149A61FA2D8304900070B3D1 /* PBXContainerItemProxy */ = {
			isa = PBXContainerItemProxy;
			containerPortal = 149A61D72D83048F0070B3D1 /* Project object */;
			proxyType = 1;
			remoteGlobalIDString = 149A61DE2D83048F0070B3D1;
			remoteInfo = SwiftUIChronicles;
		};
/* End PBXContainerItemProxy section */

/* Begin PBXFileReference section */
		149A61DF2D83048F0070B3D1 /* SwiftUIChronicles.app */ = {isa = PBXFileReference; explicitFileType = wrapper.application; includeInIndex = 0; path = SwiftUIChronicles.app; sourceTree = BUILT_PRODUCTS_DIR; };
		149A61EF2D8304900070B3D1 /* SwiftUIChroniclesTests.xctest */ = {isa = PBXFileReference; explicitFileType = wrapper.cfbundle; includeInIndex = 0; path = SwiftUIChroniclesTests.xctest; sourceTree = BUILT_PRODUCTS_DIR; };
		149A61F92D8304900070B3D1 /* SwiftUIChroniclesUITests.xctest */ = {isa = PBXFileReference; explicitFileType = wrapper.cfbundle; includeInIndex = 0; path = SwiftUIChroniclesUITests.xctest; sourceTree = BUILT_PRODUCTS_DIR; };
		14D3766B2D83194000CB2874 /* LICENSE */ = {isa = PBXFileReference; lastKnownFileType = text; path = LICENSE; sourceTree = "<group>"; };
		14D3766C2D83194000CB2874 /* README.md */ = {isa = PBXFileReference; lastKnownFileType = net.daringfireball.markdown; path = README.md; sourceTree = "<group>"; };
/* End PBXFileReference section */

/* Begin PBXFileSystemSynchronizedRootGroup section */
		149A61E12D83048F0070B3D1 /* SwiftUIChronicles */ = {
			isa = PBXFileSystemSynchronizedRootGroup;
			path = SwiftUIChronicles;
			sourceTree = "<group>";
		};
		149A61F22D8304900070B3D1 /* SwiftUIChroniclesTests */ = {
			isa = PBXFileSystemSynchronizedRootGroup;
			path = SwiftUIChroniclesTests;
			sourceTree = "<group>";
		};
		149A61FC2D8304900070B3D1 /* SwiftUIChroniclesUITests */ = {
			isa = PBXFileSystemSynchronizedRootGroup;
			path = SwiftUIChroniclesUITests;
			sourceTree = "<group>";
		};
/* End PBXFileSystemSynchronizedRootGroup section */

/* Begin PBXFrameworksBuildPhase section */
		149A61DC2D83048F0070B3D1 /* Frameworks */ = {
			isa = PBXFrameworksBuildPhase;
			buildActionMask = 2147483647;
			files = (
			);
			runOnlyForDeploymentPostprocessing = 0;
		};
		149A61EC2D8304900070B3D1 /* Frameworks */ = {
			isa = PBXFrameworksBuildPhase;
			buildActionMask = 2147483647;
			files = (
			);
			runOnlyForDeploymentPostprocessing = 0;
		};
		149A61F62D8304900070B3D1 /* Frameworks */ = {
			isa = PBXFrameworksBuildPhase;
			buildActionMask = 2147483647;
			files = (
			);
			runOnlyForDeploymentPostprocessing = 0;
		};
/* End PBXFrameworksBuildPhase section */

/* Begin PBXGroup section */
		149A61D62D83048F0070B3D1 = {
			isa = PBXGroup;
			children = (
				14D3766B2D83194000CB2874 /* LICENSE */,
				14D3766C2D83194000CB2874 /* README.md */,
				149A61E12D83048F0070B3D1 /* SwiftUIChronicles */,
				149A61F22D8304900070B3D1 /* SwiftUIChroniclesTests */,
				149A61FC2D8304900070B3D1 /* SwiftUIChroniclesUITests */,
				149A61E02D83048F0070B3D1 /* Products */,
			);
			sourceTree = "<group>";
		};
		149A61E02D83048F0070B3D1 /* Products */ = {
			isa = PBXGroup;
			children = (
				149A61DF2D83048F0070B3D1 /* SwiftUIChronicles.app */,
				149A61EF2D8304900070B3D1 /* SwiftUIChroniclesTests.xctest */,
				149A61F92D8304900070B3D1 /* SwiftUIChroniclesUITests.xctest */,
			);
			name = Products;
			sourceTree = "<group>";
		};
/* End PBXGroup section */

/* Begin PBXNativeTarget section */
		149A61DE2D83048F0070B3D1 /* SwiftUIChronicles */ = {
			isa = PBXNativeTarget;
			buildConfigurationList = 149A62032D8304900070B3D1 /* Build configuration list for PBXNativeTarget "SwiftUIChronicles" */;
			buildPhases = (
				149A61DB2D83048F0070B3D1 /* Sources */,
				149A61DC2D83048F0070B3D1 /* Frameworks */,
				149A61DD2D83048F0070B3D1 /* Resources */,
			);
			buildRules = (
			);
			dependencies = (
			);
			fileSystemSynchronizedGroups = (
				149A61E12D83048F0070B3D1 /* SwiftUIChronicles */,
			);
			name = SwiftUIChronicles;
			packageProductDependencies = (
			);
			productName = SwiftUIChronicles;
			productReference = 149A61DF2D83048F0070B3D1 /* SwiftUIChronicles.app */;
			productType = "com.apple.product-type.application";
		};
		149A61EE2D8304900070B3D1 /* SwiftUIChroniclesTests */ = {
			isa = PBXNativeTarget;
			buildConfigurationList = 149A62062D8304900070B3D1 /* Build configuration list for PBXNativeTarget "SwiftUIChroniclesTests" */;
			buildPhases = (
				149A61EB2D8304900070B3D1 /* Sources */,
				149A61EC2D8304900070B3D1 /* Frameworks */,
				149A61ED2D8304900070B3D1 /* Resources */,
			);
			buildRules = (
			);
			dependencies = (
				149A61F12D8304900070B3D1 /* PBXTargetDependency */,
			);
			fileSystemSynchronizedGroups = (
				149A61F22D8304900070B3D1 /* SwiftUIChroniclesTests */,
			);
			name = SwiftUIChroniclesTests;
			packageProductDependencies = (
			);
			productName = SwiftUIChroniclesTests;
			productReference = 149A61EF2D8304900070B3D1 /* SwiftUIChroniclesTests.xctest */;
			productType = "com.apple.product-type.bundle.unit-test";
		};
		149A61F82D8304900070B3D1 /* SwiftUIChroniclesUITests */ = {
			isa = PBXNativeTarget;
			buildConfigurationList = 149A62092D8304900070B3D1 /* Build configuration list for PBXNativeTarget "SwiftUIChroniclesUITests" */;
			buildPhases = (
				149A61F52D8304900070B3D1 /* Sources */,
				149A61F62D8304900070B3D1 /* Frameworks */,
				149A61F72D8304900070B3D1 /* Resources */,
			);
			buildRules = (
			);
			dependencies = (
				149A61FB2D8304900070B3D1 /* PBXTargetDependency */,
			);
			fileSystemSynchronizedGroups = (
				149A61FC2D8304900070B3D1 /* SwiftUIChroniclesUITests */,
			);
			name = SwiftUIChroniclesUITests;
			packageProductDependencies = (
			);
			productName = SwiftUIChroniclesUITests;
			productReference = 149A61F92D8304900070B3D1 /* SwiftUIChroniclesUITests.xctest */;
			productType = "com.apple.product-type.bundle.ui-testing";
		};
/* End PBXNativeTarget section */

/* Begin PBXProject section */
		149A61D72D83048F0070B3D1 /* Project object */ = {
			isa = PBXProject;
			attributes = {
				BuildIndependentTargetsInParallel = 1;
				LastSwiftUpdateCheck = 1620;
				LastUpgradeCheck = 1620;
				TargetAttributes = {
					149A61DE2D83048F0070B3D1 = {
						CreatedOnToolsVersion = 16.2;
					};
					149A61EE2D8304900070B3D1 = {
						CreatedOnToolsVersion = 16.2;
						TestTargetID = 149A61DE2D83048F0070B3D1;
					};
					149A61F82D8304900070B3D1 = {
						CreatedOnToolsVersion = 16.2;
						TestTargetID = 149A61DE2D83048F0070B3D1;
					};
				};
			};
			buildConfigurationList = 149A61DA2D83048F0070B3D1 /* Build configuration list for PBXProject "SwiftUIChronicles" */;
			developmentRegion = en;
			hasScannedForEncodings = 0;
			knownRegions = (
				en,
				Base,
			);
			mainGroup = 149A61D62D83048F0070B3D1;
			minimizedProjectReferenceProxies = 1;
			preferredProjectObjectVersion = 77;
			productRefGroup = 149A61E02D83048F0070B3D1 /* Products */;
			projectDirPath = "";
			projectRoot = "";
			targets = (
				149A61DE2D83048F0070B3D1 /* SwiftUIChronicles */,
				149A61EE2D8304900070B3D1 /* SwiftUIChroniclesTests */,
				149A61F82D8304900070B3D1 /* SwiftUIChroniclesUITests */,
			);
		};
/* End PBXProject section */

/* Begin PBXResourcesBuildPhase section */
		149A61DD2D83048F0070B3D1 /* Resources */ = {
			isa = PBXResourcesBuildPhase;
			buildActionMask = 2147483647;
			files = (
			);
			runOnlyForDeploymentPostprocessing = 0;
		};
		149A61ED2D8304900070B3D1 /* Resources */ = {
			isa = PBXResourcesBuildPhase;
			buildActionMask = 2147483647;
			files = (
			);
			runOnlyForDeploymentPostprocessing = 0;
		};
		149A61F72D8304900070B3D1 /* Resources */ = {
			isa = PBXResourcesBuildPhase;
			buildActionMask = 2147483647;
			files = (
			);
			runOnlyForDeploymentPostprocessing = 0;
		};
/* End PBXResourcesBuildPhase section */

/* Begin PBXSourcesBuildPhase section */
		149A61DB2D83048F0070B3D1 /* Sources */ = {
			isa = PBXSourcesBuildPhase;
			buildActionMask = 2147483647;
			files = (
			);
			runOnlyForDeploymentPostprocessing = 0;
		};
		149A61EB2D8304900070B3D1 /* Sources */ = {
			isa = PBXSourcesBuildPhase;
			buildActionMask = 2147483647;
			files = (
			);
			runOnlyForDeploymentPostprocessing = 0;
		};
		149A61F52D8304900070B3D1 /* Sources */ = {
			isa = PBXSourcesBuildPhase;
			buildActionMask = 2147483647;
			files = (
			);
			runOnlyForDeploymentPostprocessing = 0;
		};
/* End PBXSourcesBuildPhase section */

/* Begin PBXTargetDependency section */
		149A61F12D8304900070B3D1 /* PBXTargetDependency */ = {
			isa = PBXTargetDependency;
			target = 149A61DE2D83048F0070B3D1 /* SwiftUIChronicles */;
			targetProxy = 149A61F02D8304900070B3D1 /* PBXContainerItemProxy */;
		};
		149A61FB2D8304900070B3D1 /* PBXTargetDependency */ = {
			isa = PBXTargetDependency;
			target = 149A61DE2D83048F0070B3D1 /* SwiftUIChronicles */;
			targetProxy = 149A61FA2D8304900070B3D1 /* PBXContainerItemProxy */;
		};
/* End PBXTargetDependency section */

/* Begin XCBuildConfiguration section */
		149A62012D8304900070B3D1 /* Debug */ = {
			isa = XCBuildConfiguration;
			buildSettings = {
				ALWAYS_SEARCH_USER_PATHS = NO;
				ASSETCATALOG_COMPILER_GENERATE_SWIFT_ASSET_SYMBOL_EXTENSIONS = YES;
				CLANG_ANALYZER_NONNULL = YES;
				CLANG_ANALYZER_NUMBER_OBJECT_CONVERSION = YES_AGGRESSIVE;
				CLANG_CXX_LANGUAGE_STANDARD = "gnu++20";
				CLANG_ENABLE_MODULES = YES;
				CLANG_ENABLE_OBJC_ARC = YES;
				CLANG_ENABLE_OBJC_WEAK = YES;
				CLANG_WARN_BLOCK_CAPTURE_AUTORELEASING = YES;
				CLANG_WARN_BOOL_CONVERSION = YES;
				CLANG_WARN_COMMA = YES;
				CLANG_WARN_CONSTANT_CONVERSION = YES;
				CLANG_WARN_DEPRECATED_OBJC_IMPLEMENTATIONS = YES;
				CLANG_WARN_DIRECT_OBJC_ISA_USAGE = YES_ERROR;
				CLANG_WARN_DOCUMENTATION_COMMENTS = YES;
				CLANG_WARN_EMPTY_BODY = YES;
				CLANG_WARN_ENUM_CONVERSION = YES;
				CLANG_WARN_INFINITE_RECURSION = YES;
				CLANG_WARN_INT_CONVERSION = YES;
				CLANG_WARN_NON_LITERAL_NULL_CONVERSION = YES;
				CLANG_WARN_OBJC_IMPLICIT_RETAIN_SELF = YES;
				CLANG_WARN_OBJC_LITERAL_CONVERSION = YES;
				CLANG_WARN_OBJC_ROOT_CLASS = YES_ERROR;
				CLANG_WARN_QUOTED_INCLUDE_IN_FRAMEWORK_HEADER = YES;
				CLANG_WARN_RANGE_LOOP_ANALYSIS = YES;
				CLANG_WARN_STRICT_PROTOTYPES = YES;
				CLANG_WARN_SUSPICIOUS_MOVE = YES;
				CLANG_WARN_UNGUARDED_AVAILABILITY = YES_AGGRESSIVE;
				CLANG_WARN_UNREACHABLE_CODE = YES;
				CLANG_WARN__DUPLICATE_METHOD_MATCH = YES;
				CODE_SIGN_IDENTITY = "Apple Development";
				COPY_PHASE_STRIP = NO;
				DEBUG_INFORMATION_FORMAT = dwarf;
				DEVELOPMENT_TEAM = 74Z3YA28F8;
				ENABLE_STRICT_OBJC_MSGSEND = YES;
				ENABLE_TESTABILITY = YES;
				ENABLE_USER_SCRIPT_SANDBOXING = YES;
				GCC_C_LANGUAGE_STANDARD = gnu17;
				GCC_DYNAMIC_NO_PIC = NO;
				GCC_NO_COMMON_BLOCKS = YES;
				GCC_OPTIMIZATION_LEVEL = 0;
				GCC_PREPROCESSOR_DEFINITIONS = (
					"DEBUG=1",
					"$(inherited)",
				);
				GCC_WARN_64_TO_32_BIT_CONVERSION = YES;
				GCC_WARN_ABOUT_RETURN_TYPE = YES_ERROR;
				GCC_WARN_UNDECLARED_SELECTOR = YES;
				GCC_WARN_UNINITIALIZED_AUTOS = YES_AGGRESSIVE;
				GCC_WARN_UNUSED_FUNCTION = YES;
				GCC_WARN_UNUSED_VARIABLE = YES;
				IPHONEOS_DEPLOYMENT_TARGET = 17.6;
				LOCALIZATION_PREFERS_STRING_CATALOGS = YES;
				MTL_ENABLE_DEBUG_INFO = INCLUDE_SOURCE;
				MTL_FAST_MATH = YES;
				ONLY_ACTIVE_ARCH = YES;
				SDKROOT = iphoneos;
				SWIFT_ACTIVE_COMPILATION_CONDITIONS = "DEBUG $(inherited)";
				SWIFT_OPTIMIZATION_LEVEL = "-Onone";
			};
			name = Debug;
		};
		149A62022D8304900070B3D1 /* Release */ = {
			isa = XCBuildConfiguration;
			buildSettings = {
				ALWAYS_SEARCH_USER_PATHS = NO;
				ASSETCATALOG_COMPILER_GENERATE_SWIFT_ASSET_SYMBOL_EXTENSIONS = YES;
				CLANG_ANALYZER_NONNULL = YES;
				CLANG_ANALYZER_NUMBER_OBJECT_CONVERSION = YES_AGGRESSIVE;
				CLANG_CXX_LANGUAGE_STANDARD = "gnu++20";
				CLANG_ENABLE_MODULES = YES;
				CLANG_ENABLE_OBJC_ARC = YES;
				CLANG_ENABLE_OBJC_WEAK = YES;
				CLANG_WARN_BLOCK_CAPTURE_AUTORELEASING = YES;
				CLANG_WARN_BOOL_CONVERSION = YES;
				CLANG_WARN_COMMA = YES;
				CLANG_WARN_CONSTANT_CONVERSION = YES;
				CLANG_WARN_DEPRECATED_OBJC_IMPLEMENTATIONS = YES;
				CLANG_WARN_DIRECT_OBJC_ISA_USAGE = YES_ERROR;
				CLANG_WARN_DOCUMENTATION_COMMENTS = YES;
				CLANG_WARN_EMPTY_BODY = YES;
				CLANG_WARN_ENUM_CONVERSION = YES;
				CLANG_WARN_INFINITE_RECURSION = YES;
				CLANG_WARN_INT_CONVERSION = YES;
				CLANG_WARN_NON_LITERAL_NULL_CONVERSION = YES;
				CLANG_WARN_OBJC_IMPLICIT_RETAIN_SELF = YES;
				CLANG_WARN_OBJC_LITERAL_CONVERSION = YES;
				CLANG_WARN_OBJC_ROOT_CLASS = YES_ERROR;
				CLANG_WARN_QUOTED_INCLUDE_IN_FRAMEWORK_HEADER = YES;
				CLANG_WARN_RANGE_LOOP_ANALYSIS = YES;
				CLANG_WARN_STRICT_PROTOTYPES = YES;
				CLANG_WARN_SUSPICIOUS_MOVE = YES;
				CLANG_WARN_UNGUARDED_AVAILABILITY = YES_AGGRESSIVE;
				CLANG_WARN_UNREACHABLE_CODE = YES;
				CLANG_WARN__DUPLICATE_METHOD_MATCH = YES;
				CODE_SIGN_IDENTITY = "Apple Development";
				COPY_PHASE_STRIP = NO;
				DEBUG_INFORMATION_FORMAT = "dwarf-with-dsym";
				DEVELOPMENT_TEAM = 74Z3YA28F8;
				ENABLE_NS_ASSERTIONS = NO;
				ENABLE_STRICT_OBJC_MSGSEND = YES;
				ENABLE_USER_SCRIPT_SANDBOXING = YES;
				GCC_C_LANGUAGE_STANDARD = gnu17;
				GCC_NO_COMMON_BLOCKS = YES;
				GCC_WARN_64_TO_32_BIT_CONVERSION = YES;
				GCC_WARN_ABOUT_RETURN_TYPE = YES_ERROR;
				GCC_WARN_UNDECLARED_SELECTOR = YES;
				GCC_WARN_UNINITIALIZED_AUTOS = YES_AGGRESSIVE;
				GCC_WARN_UNUSED_FUNCTION = YES;
				GCC_WARN_UNUSED_VARIABLE = YES;
				IPHONEOS_DEPLOYMENT_TARGET = 17.6;
				LOCALIZATION_PREFERS_STRING_CATALOGS = YES;
				MTL_ENABLE_DEBUG_INFO = NO;
				MTL_FAST_MATH = YES;
				SDKROOT = iphoneos;
				SWIFT_COMPILATION_MODE = wholemodule;
				VALIDATE_PRODUCT = YES;
			};
			name = Release;
		};
		149A62042D8304900070B3D1 /* Debug */ = {
			isa = XCBuildConfiguration;
			buildSettings = {
				ASSETCATALOG_COMPILER_APPICON_NAME = AppIcon;
				ASSETCATALOG_COMPILER_GLOBAL_ACCENT_COLOR_NAME = AccentColor;
				CODE_SIGN_IDENTITY = "Apple Development";
				CODE_SIGN_STYLE = Automatic;
				CURRENT_PROJECT_VERSION = 1;
				DEVELOPMENT_ASSET_PATHS = "\"SwiftUIChronicles/Preview Content\"";
				DEVELOPMENT_TEAM = 74Z3YA28F8;
				ENABLE_PREVIEWS = YES;
				GENERATE_INFOPLIST_FILE = YES;
				INFOPLIST_KEY_UIApplicationSceneManifest_Generation = YES;
				INFOPLIST_KEY_UIApplicationSupportsIndirectInputEvents = YES;
				INFOPLIST_KEY_UILaunchScreen_Generation = YES;
				INFOPLIST_KEY_UISupportedInterfaceOrientations_iPad = "UIInterfaceOrientationPortrait UIInterfaceOrientationPortraitUpsideDown UIInterfaceOrientationLandscapeLeft UIInterfaceOrientationLandscapeRight";
				INFOPLIST_KEY_UISupportedInterfaceOrientations_iPhone = "UIInterfaceOrientationPortrait UIInterfaceOrientationLandscapeLeft UIInterfaceOrientationLandscapeRight";
				IPHONEOS_DEPLOYMENT_TARGET = 17.0;
				LD_RUNPATH_SEARCH_PATHS = (
					"$(inherited)",
					"@executable_path/Frameworks",
				);
				MARKETING_VERSION = 1.0;
				PRODUCT_BUNDLE_IDENTIFIER = naykutguven.SwiftUIChronicles;
				PRODUCT_NAME = "$(TARGET_NAME)";
				PROVISIONING_PROFILE_SPECIFIER = "";
				SWIFT_EMIT_LOC_STRINGS = YES;
				SWIFT_VERSION = 5.0;
				TARGETED_DEVICE_FAMILY = "1,2";
			};
			name = Debug;
		};
		149A62052D8304900070B3D1 /* Release */ = {
			isa = XCBuildConfiguration;
			buildSettings = {
				ASSETCATALOG_COMPILER_APPICON_NAME = AppIcon;
				ASSETCATALOG_COMPILER_GLOBAL_ACCENT_COLOR_NAME = AccentColor;
				CODE_SIGN_IDENTITY = "Apple Development";
				CODE_SIGN_STYLE = Automatic;
				CURRENT_PROJECT_VERSION = 1;
				DEVELOPMENT_ASSET_PATHS = "\"SwiftUIChronicles/Preview Content\"";
				DEVELOPMENT_TEAM = 74Z3YA28F8;
				ENABLE_PREVIEWS = YES;
				GENERATE_INFOPLIST_FILE = YES;
				INFOPLIST_KEY_UIApplicationSceneManifest_Generation = YES;
				INFOPLIST_KEY_UIApplicationSupportsIndirectInputEvents = YES;
				INFOPLIST_KEY_UILaunchScreen_Generation = YES;
				INFOPLIST_KEY_UISupportedInterfaceOrientations_iPad = "UIInterfaceOrientationPortrait UIInterfaceOrientationPortraitUpsideDown UIInterfaceOrientationLandscapeLeft UIInterfaceOrientationLandscapeRight";
				INFOPLIST_KEY_UISupportedInterfaceOrientations_iPhone = "UIInterfaceOrientationPortrait UIInterfaceOrientationLandscapeLeft UIInterfaceOrientationLandscapeRight";
				IPHONEOS_DEPLOYMENT_TARGET = 17.0;
				LD_RUNPATH_SEARCH_PATHS = (
					"$(inherited)",
					"@executable_path/Frameworks",
				);
				MARKETING_VERSION = 1.0;
				PRODUCT_BUNDLE_IDENTIFIER = naykutguven.SwiftUIChronicles;
				PRODUCT_NAME = "$(TARGET_NAME)";
				PROVISIONING_PROFILE_SPECIFIER = "";
				SWIFT_EMIT_LOC_STRINGS = YES;
				SWIFT_VERSION = 5.0;
				TARGETED_DEVICE_FAMILY = "1,2";
			};
			name = Release;
		};
		149A62072D8304900070B3D1 /* Debug */ = {
			isa = XCBuildConfiguration;
			buildSettings = {
				BUNDLE_LOADER = "$(TEST_HOST)";
				CODE_SIGN_STYLE = Automatic;
				CURRENT_PROJECT_VERSION = 1;
				DEVELOPMENT_TEAM = 74Z3YA28F8;
				GENERATE_INFOPLIST_FILE = YES;
				IPHONEOS_DEPLOYMENT_TARGET = 17.0;
				MARKETING_VERSION = 1.0;
				PRODUCT_BUNDLE_IDENTIFIER = naykutguven.SwiftUIChroniclesTests;
				PRODUCT_NAME = "$(TARGET_NAME)";
				SWIFT_EMIT_LOC_STRINGS = NO;
				SWIFT_VERSION = 5.0;
				TARGETED_DEVICE_FAMILY = "1,2";
				TEST_HOST = "$(BUILT_PRODUCTS_DIR)/SwiftUIChronicles.app/$(BUNDLE_EXECUTABLE_FOLDER_PATH)/SwiftUIChronicles";
			};
			name = Debug;
		};
		149A62082D8304900070B3D1 /* Release */ = {
			isa = XCBuildConfiguration;
			buildSettings = {
				BUNDLE_LOADER = "$(TEST_HOST)";
				CODE_SIGN_STYLE = Automatic;
				CURRENT_PROJECT_VERSION = 1;
				DEVELOPMENT_TEAM = 74Z3YA28F8;
				GENERATE_INFOPLIST_FILE = YES;
				IPHONEOS_DEPLOYMENT_TARGET = 17.0;
				MARKETING_VERSION = 1.0;
				PRODUCT_BUNDLE_IDENTIFIER = naykutguven.SwiftUIChroniclesTests;
				PRODUCT_NAME = "$(TARGET_NAME)";
				SWIFT_EMIT_LOC_STRINGS = NO;
				SWIFT_VERSION = 5.0;
				TARGETED_DEVICE_FAMILY = "1,2";
				TEST_HOST = "$(BUILT_PRODUCTS_DIR)/SwiftUIChronicles.app/$(BUNDLE_EXECUTABLE_FOLDER_PATH)/SwiftUIChronicles";
			};
			name = Release;
		};
		149A620A2D8304900070B3D1 /* Debug */ = {
			isa = XCBuildConfiguration;
			buildSettings = {
				CODE_SIGN_STYLE = Automatic;
				CURRENT_PROJECT_VERSION = 1;
				DEVELOPMENT_TEAM = 74Z3YA28F8;
				GENERATE_INFOPLIST_FILE = YES;
				IPHONEOS_DEPLOYMENT_TARGET = 17.0;
				MARKETING_VERSION = 1.0;
				PRODUCT_BUNDLE_IDENTIFIER = naykutguven.SwiftUIChroniclesUITests;
				PRODUCT_NAME = "$(TARGET_NAME)";
				SWIFT_EMIT_LOC_STRINGS = NO;
				SWIFT_VERSION = 5.0;
				TARGETED_DEVICE_FAMILY = "1,2";
				TEST_TARGET_NAME = SwiftUIChronicles;
			};
			name = Debug;
		};
		149A620B2D8304900070B3D1 /* Release */ = {
			isa = XCBuildConfiguration;
			buildSettings = {
				CODE_SIGN_STYLE = Automatic;
				CURRENT_PROJECT_VERSION = 1;
				DEVELOPMENT_TEAM = 74Z3YA28F8;
				GENERATE_INFOPLIST_FILE = YES;
				IPHONEOS_DEPLOYMENT_TARGET = 17.0;
				MARKETING_VERSION = 1.0;
				PRODUCT_BUNDLE_IDENTIFIER = naykutguven.SwiftUIChroniclesUITests;
				PRODUCT_NAME = "$(TARGET_NAME)";
				SWIFT_EMIT_LOC_STRINGS = NO;
				SWIFT_VERSION = 5.0;
				TARGETED_DEVICE_FAMILY = "1,2";
				TEST_TARGET_NAME = SwiftUIChronicles;
			};
			name = Release;
		};
/* End XCBuildConfiguration section */

/* Begin XCConfigurationList section */
		149A61DA2D83048F0070B3D1 /* Build configuration list for PBXProject "SwiftUIChronicles" */ = {
			isa = XCConfigurationList;
			buildConfigurations = (
				149A62012D8304900070B3D1 /* Debug */,
				149A62022D8304900070B3D1 /* Release */,
			);
			defaultConfigurationIsVisible = 0;
			defaultConfigurationName = Release;
		};
		149A62032D8304900070B3D1 /* Build configuration list for PBXNativeTarget "SwiftUIChronicles" */ = {
			isa = XCConfigurationList;
			buildConfigurations = (
				149A62042D8304900070B3D1 /* Debug */,
				149A62052D8304900070B3D1 /* Release */,
			);
			defaultConfigurationIsVisible = 0;
			defaultConfigurationName = Release;
		};
		149A62062D8304900070B3D1 /* Build configuration list for PBXNativeTarget "SwiftUIChroniclesTests" */ = {
			isa = XCConfigurationList;
			buildConfigurations = (
				149A62072D8304900070B3D1 /* Debug */,
				149A62082D8304900070B3D1 /* Release */,
			);
			defaultConfigurationIsVisible = 0;
			defaultConfigurationName = Release;
		};
		149A62092D8304900070B3D1 /* Build configuration list for PBXNativeTarget "SwiftUIChroniclesUITests" */ = {
			isa = XCConfigurationList;
			buildConfigurations = (
				149A620A2D8304900070B3D1 /* Debug */,
				149A620B2D8304900070B3D1 /* Release */,
			);
			defaultConfigurationIsVisible = 0;
			defaultConfigurationName = Release;
		};
/* End XCConfigurationList section */
	};
	rootObject = 149A61D72D83048F0070B3D1 /* Project object */;
}
